// !$*UTF8*$!
{
	archiveVersion = 1;
	classes = {
	};
	objectVersion = 77;
	objects = {

/* Begin PBXGroup section */
		483147882DCD861300513D27 = {
			isa = PBXGroup;
			children = (
			);
			sourceTree = "<group>";
		};
/* End PBXGroup section */

/* Begin PBXProject section */
		483147892DCD861300513D27 /* Project object */ = {
			isa = PBXProject;
			attributes = {
				BuildIndependentTargetsInParallel = 1;
				LastUpgradeCheck = 1630;
			};
			buildConfigurationList = 4831478C2DCD861300513D27 /* Build configuration list for PBXProject "Advent of Code 2024 - XCode" */;
			developmentRegion = en;
			hasScannedForEncodings = 0;
			knownRegions = (
				en,
				Base,
			);
			mainGroup = 483147882DCD861300513D27;
			minimizedProjectReferenceProxies = 1;
			preferredProjectObjectVersion = 77;
			projectDirPath = "";
			projectRoot = "";
			targets = (
			);
		};
/* End PBXProject section */

/* Begin XCBuildConfiguration section */
		4831478D2DCD861300513D27 /* Debug */ = {
			isa = XCBuildConfiguration;
			buildSettings = {
				DEVELOPMENT_TEAM = WH2N9WFKPL;
			};
			name = Debug;
		};
		4831478E2DCD861300513D27 /* Release */ = {
			isa = XCBuildConfiguration;
			buildSettings = {
				DEVELOPMENT_TEAM = WH2N9WFKPL;
			};
			name = Release;
		};
/* End XCBuildConfiguration section */

/* Begin XCConfigurationList section */
		4831478C2DCD861300513D27 /* Build configuration list for PBXProject "Advent of Code 2024 - XCode" */ = {
			isa = XCConfigurationList;
			buildConfigurations = (
				4831478D2DCD861300513D27 /* Debug */,
				4831478E2DCD861300513D27 /* Release */,
			);
			defaultConfigurationIsVisible = 0;
			defaultConfigurationName = Release;
		};
/* End XCConfigurationList section */
	};
	rootObject = 483147892DCD861300513D27 /* Project object */;
}
